
Microsoft Visual Studio Solution File, Format Version 12.00
# Visual Studio Version 16
VisualStudioVersion = 16.0.31019.35
MinimumVisualStudioVersion = 10.0.40219.1
Project("{FAE04EC0-301F-11D3-BF4B-00C04F79EFBC}") = "EjemploProblemaIdentidad", "EjemploProblemaIdentidad\EjemploProblemaIdentidad.csproj", "{A6281EFC-475B-4E50-8D90-CB1AC3F1EDBA}"
EndProject
Global
	GlobalSection(SolutionConfigurationPlatforms) = preSolution
		Debug|Any CPU = Debug|Any CPU
		Release|Any CPU = Release|Any CPU
	EndGlobalSection
	GlobalSection(ProjectConfigurationPlatforms) = postSolution
		{A6281EFC-475B-4E50-8D90-CB1AC3F1EDBA}.Debug|Any CPU.ActiveCfg = Debug|Any CPU
		{A6281EFC-475B-4E50-8D90-CB1AC3F1EDBA}.Debug|Any CPU.Build.0 = Debug|Any CPU
		{A6281EFC-475B-4E50-8D90-CB1AC3F1EDBA}.Release|Any CPU.ActiveCfg = Release|Any CPU
		{A6281EFC-475B-4E50-8D90-CB1AC3F1EDBA}.Release|Any CPU.Build.0 = Release|Any CPU
	EndGlobalSection
	GlobalSection(SolutionProperties) = preSolution
		HideSolutionNode = FALSE
	EndGlobalSection
	GlobalSection(ExtensibilityGlobals) = postSolution
		SolutionGuid = {12BA2AB8-EF70-45A1-AF55-29184FFDB1B0}
	EndGlobalSection
EndGlobal
